
Microsoft Visual Studio Solution File, Format Version 12.00
# Visual Studio Version 16
VisualStudioVersion = 16.0.30907.101
MinimumVisualStudioVersion = 10.0.40219.1
Project("{FAE04EC0-301F-11D3-BF4B-00C04F79EFBC}") = "Bank", "Bank\Bank.csproj", "{E201122A-9212-468F-90DB-4DB17665CDAE}"
EndProject
Project("{FAE04EC0-301F-11D3-BF4B-00C04F79EFBC}") = "BankUnitTest", "BankUnitTest\BankUnitTest.csproj", "{0BCB3232-B8CB-4D22-9D8C-CE83B2410789}"
EndProject
Global
	GlobalSection(SolutionConfigurationPlatforms) = preSolution
		Debug|Any CPU = Debug|Any CPU
		Release|Any CPU = Release|Any CPU
	EndGlobalSection
	GlobalSection(ProjectConfigurationPlatforms) = postSolution
		{E201122A-9212-468F-90DB-4DB17665CDAE}.Debug|Any CPU.ActiveCfg = Debug|Any CPU
		{E201122A-9212-468F-90DB-4DB17665CDAE}.Debug|Any CPU.Build.0 = Debug|Any CPU
		{E201122A-9212-468F-90DB-4DB17665CDAE}.Release|Any CPU.ActiveCfg = Release|Any CPU
		{E201122A-9212-468F-90DB-4DB17665CDAE}.Release|Any CPU.Build.0 = Release|Any CPU
		{0BCB3232-B8CB-4D22-9D8C-CE83B2410789}.Debug|Any CPU.ActiveCfg = Debug|Any CPU
		{0BCB3232-B8CB-4D22-9D8C-CE83B2410789}.Debug|Any CPU.Build.0 = Debug|Any CPU
		{0BCB3232-B8CB-4D22-9D8C-CE83B2410789}.Release|Any CPU.ActiveCfg = Release|Any CPU
		{0BCB3232-B8CB-4D22-9D8C-CE83B2410789}.Release|Any CPU.Build.0 = Release|Any CPU
	EndGlobalSection
	GlobalSection(SolutionProperties) = preSolution
		HideSolutionNode = FALSE
	EndGlobalSection
	GlobalSection(ExtensibilityGlobals) = postSolution
		SolutionGuid = {3403BF67-9E8F-4EED-BDB6-A5DD3F4B4E23}
	EndGlobalSection
EndGlobal
